
Microsoft Visual Studio Solution File, Format Version 12.00
Project("{FAE04EC0-301F-11D3-BF4B-00C04F79EFBC}") = "ViewMultiplayerCardRewards", "ViewMultiplayerCardRewards.csproj", "{C8FCC3B1-9086-48E9-A3EB-95B1184B7C76}"
EndProject
Global
	GlobalSection(SolutionConfigurationPlatforms) = preSolution
		Debug|Any CPU = Debug|Any CPU
		ExportDebug|Any CPU = ExportDebug|Any CPU
		ExportRelease|Any CPU = ExportRelease|Any CPU
	EndGlobalSection
	GlobalSection(ProjectConfigurationPlatforms) = postSolution
		{C8FCC3B1-9086-48E9-A3EB-95B1184B7C76}.Debug|Any CPU.ActiveCfg = Debug|Any CPU
		{C8FCC3B1-9086-48E9-A3EB-95B1184B7C76}.Debug|Any CPU.Build.0 = Debug|Any CPU
		{C8FCC3B1-9086-48E9-A3EB-95B1184B7C76}.ExportDebug|Any CPU.ActiveCfg = ExportDebug|Any CPU
		{C8FCC3B1-9086-48E9-A3EB-95B1184B7C76}.ExportDebug|Any CPU.Build.0 = ExportDebug|Any CPU
		{C8FCC3B1-9086-48E9-A3EB-95B1184B7C76}.ExportRelease|Any CPU.ActiveCfg = ExportRelease|Any CPU
		{C8FCC3B1-9086-48E9-A3EB-95B1184B7C76}.ExportRelease|Any CPU.Build.0 = ExportRelease|Any CPU
	EndGlobalSection
EndGlobal
